
Microsoft Visual Studio Solution File, Format Version 12.00
# Visual Studio 2012
Project("{FAE04EC0-301F-11D3-BF4B-00C04F79EFBC}") = "ImageFlowTest", "ImageFlowTest\ImageFlowTest.csproj", "{92D42885-3E5A-4377-A862-07F2E7B1349D}"
EndProject
Global
	GlobalSection(SolutionConfigurationPlatforms) = preSolution
		Debug|iPhoneSimulator = Debug|iPhoneSimulator
		Release|iPhoneSimulator = Release|iPhoneSimulator
		Debug|iPhone = Debug|iPhone
		Release|iPhone = Release|iPhone
		Ad-Hoc|iPhone = Ad-Hoc|iPhone
		AppStore|iPhone = AppStore|iPhone
	EndGlobalSection
	GlobalSection(ProjectConfigurationPlatforms) = postSolution
		{92D42885-3E5A-4377-A862-07F2E7B1349D}.Ad-Hoc|iPhone.ActiveCfg = Ad-Hoc|iPhone
		{92D42885-3E5A-4377-A862-07F2E7B1349D}.Ad-Hoc|iPhone.Build.0 = Ad-Hoc|iPhone
		{92D42885-3E5A-4377-A862-07F2E7B1349D}.AppStore|iPhone.ActiveCfg = AppStore|iPhone
		{92D42885-3E5A-4377-A862-07F2E7B1349D}.AppStore|iPhone.Build.0 = AppStore|iPhone
		{92D42885-3E5A-4377-A862-07F2E7B1349D}.Debug|iPhone.ActiveCfg = Debug|iPhone
		{92D42885-3E5A-4377-A862-07F2E7B1349D}.Debug|iPhone.Build.0 = Debug|iPhone
		{92D42885-3E5A-4377-A862-07F2E7B1349D}.Debug|iPhoneSimulator.ActiveCfg = Debug|iPhoneSimulator
		{92D42885-3E5A-4377-A862-07F2E7B1349D}.Debug|iPhoneSimulator.Build.0 = Debug|iPhoneSimulator
		{92D42885-3E5A-4377-A862-07F2E7B1349D}.Release|iPhone.ActiveCfg = Release|iPhone
		{92D42885-3E5A-4377-A862-07F2E7B1349D}.Release|iPhone.Build.0 = Release|iPhone
		{92D42885-3E5A-4377-A862-07F2E7B1349D}.Release|iPhoneSimulator.ActiveCfg = Release|iPhoneSimulator
		{92D42885-3E5A-4377-A862-07F2E7B1349D}.Release|iPhoneSimulator.Build.0 = Release|iPhoneSimulator
	EndGlobalSection
EndGlobal
